
Microsoft Visual Studio Solution File, Format Version 12.00
# Visual Studio Version 18
VisualStudioVersion = 18.1.11312.151
MinimumVisualStudioVersion = 10.0.40219.1
Project("{FAE04EC0-301F-11D3-BF4B-00C04F79EFBC}") = "reposicion_pin", "reposicion_pin\reposicion_pin.csproj", "{769DB26D-28AC-3DB6-AC4F-884BD0EC3305}"
EndProject
Global
	GlobalSection(SolutionConfigurationPlatforms) = preSolution
		Debug|Any CPU = Debug|Any CPU
		Release|Any CPU = Release|Any CPU
	EndGlobalSection
	GlobalSection(ProjectConfigurationPlatforms) = postSolution
		{769DB26D-28AC-3DB6-AC4F-884BD0EC3305}.Debug|Any CPU.ActiveCfg = Debug|Any CPU
		{769DB26D-28AC-3DB6-AC4F-884BD0EC3305}.Debug|Any CPU.Build.0 = Debug|Any CPU
		{769DB26D-28AC-3DB6-AC4F-884BD0EC3305}.Release|Any CPU.ActiveCfg = Release|Any CPU
		{769DB26D-28AC-3DB6-AC4F-884BD0EC3305}.Release|Any CPU.Build.0 = Release|Any CPU
	EndGlobalSection
	GlobalSection(SolutionProperties) = preSolution
		HideSolutionNode = FALSE
	EndGlobalSection
	GlobalSection(ExtensibilityGlobals) = postSolution
		SolutionGuid = {2D7828D9-2554-4DEE-B5EA-589869BD8A8C}
	EndGlobalSection
EndGlobal
